
Microsoft Visual Studio Solution File, Format Version 12.00
# Visual Studio Version 16
VisualStudioVersion = 16.0.30413.136
MinimumVisualStudioVersion = 10.0.40219.1
Project("{FAE04EC0-301F-11D3-BF4B-00C04F79EFBC}") = "slut-projekt-quiz", "slut-projekt-quiz\slut-projekt-quiz.csproj", "{BD61E2B6-339F-433F-B8F3-32C74EE77848}"
EndProject
Global
	GlobalSection(SolutionConfigurationPlatforms) = preSolution
		Debug|Any CPU = Debug|Any CPU
		Release|Any CPU = Release|Any CPU
	EndGlobalSection
	GlobalSection(ProjectConfigurationPlatforms) = postSolution
		{BD61E2B6-339F-433F-B8F3-32C74EE77848}.Debug|Any CPU.ActiveCfg = Debug|Any CPU
		{BD61E2B6-339F-433F-B8F3-32C74EE77848}.Debug|Any CPU.Build.0 = Debug|Any CPU
		{BD61E2B6-339F-433F-B8F3-32C74EE77848}.Release|Any CPU.ActiveCfg = Release|Any CPU
		{BD61E2B6-339F-433F-B8F3-32C74EE77848}.Release|Any CPU.Build.0 = Release|Any CPU
	EndGlobalSection
	GlobalSection(SolutionProperties) = preSolution
		HideSolutionNode = FALSE
	EndGlobalSection
	GlobalSection(ExtensibilityGlobals) = postSolution
		SolutionGuid = {7BCA5BD0-9980-49E1-AA07-2B0F27E05F86}
	EndGlobalSection
EndGlobal
